
Microsoft Visual Studio Solution File, Format Version 12.00
# Visual Studio Version 17
VisualStudioVersion = 17.7.34018.315
MinimumVisualStudioVersion = 10.0.40219.1
Project("{9A19103F-16F7-4668-BE54-9A1E7A4F7556}") = "BlockOut", "BlockOut.csproj", "{50F85E59-C8EF-4EE1-8A10-DE0B21FE0D73}"
EndProject
Global
	GlobalSection(SolutionConfigurationPlatforms) = preSolution
		Debug|Any CPU = Debug|Any CPU
		Release|Any CPU = Release|Any CPU
	EndGlobalSection
	GlobalSection(ProjectConfigurationPlatforms) = postSolution
		{50F85E59-C8EF-4EE1-8A10-DE0B21FE0D73}.Debug|Any CPU.ActiveCfg = Debug|Any CPU
		{50F85E59-C8EF-4EE1-8A10-DE0B21FE0D73}.Debug|Any CPU.Build.0 = Debug|Any CPU
		{50F85E59-C8EF-4EE1-8A10-DE0B21FE0D73}.Release|Any CPU.ActiveCfg = Release|Any CPU
		{50F85E59-C8EF-4EE1-8A10-DE0B21FE0D73}.Release|Any CPU.Build.0 = Release|Any CPU
	EndGlobalSection
	GlobalSection(SolutionProperties) = preSolution
		HideSolutionNode = FALSE
	EndGlobalSection
	GlobalSection(ExtensibilityGlobals) = postSolution
		SolutionGuid = {4F022654-CFAF-4585-994B-B48F75186A25}
	EndGlobalSection
EndGlobal
